
Microsoft Visual Studio Solution File, Format Version 12.00
# Visual Studio 2012
Project("{FAE04EC0-301F-11D3-BF4B-00C04F79EFBC}") = "SimpleEdit", "SimpleEdit\SimpleEdit.csproj", "{19414D26-9741-4342-B6EE-9DE0E8440D72}"
EndProject
Project("{FAE04EC0-301F-11D3-BF4B-00C04F79EFBC}") = "SimpleEditControlLibrary", "SimpleEditControlLibrary\SimpleEditControlLibrary.csproj", "{4143B6AD-4AC9-4E6D-B896-76468ADE6DB8}"
EndProject
Global
	GlobalSection(SolutionConfigurationPlatforms) = preSolution
		Debug|Any CPU = Debug|Any CPU
		Release|Any CPU = Release|Any CPU
	EndGlobalSection
	GlobalSection(ProjectConfigurationPlatforms) = postSolution
		{19414D26-9741-4342-B6EE-9DE0E8440D72}.Debug|Any CPU.ActiveCfg = Debug|Any CPU
		{19414D26-9741-4342-B6EE-9DE0E8440D72}.Debug|Any CPU.Build.0 = Debug|Any CPU
		{19414D26-9741-4342-B6EE-9DE0E8440D72}.Release|Any CPU.ActiveCfg = Release|Any CPU
		{19414D26-9741-4342-B6EE-9DE0E8440D72}.Release|Any CPU.Build.0 = Release|Any CPU
		{4143B6AD-4AC9-4E6D-B896-76468ADE6DB8}.Debug|Any CPU.ActiveCfg = Debug|Any CPU
		{4143B6AD-4AC9-4E6D-B896-76468ADE6DB8}.Debug|Any CPU.Build.0 = Debug|Any CPU
		{4143B6AD-4AC9-4E6D-B896-76468ADE6DB8}.Release|Any CPU.ActiveCfg = Release|Any CPU
		{4143B6AD-4AC9-4E6D-B896-76468ADE6DB8}.Release|Any CPU.Build.0 = Release|Any CPU
	EndGlobalSection
	GlobalSection(SolutionProperties) = preSolution
		HideSolutionNode = FALSE
	EndGlobalSection
EndGlobal
